<Solution>
  <Folder Name="/src/" />
  <Folder Name="/src/Host/">
    <Project Path="PharmacyHR.API/PharmacyHR.API.csproj" Id="9a01d004-b014-44c1-891e-6792969a8315" />
  </Folder>
  <Folder Name="/src/Modules/" />
  <Folder Name="/src/Modules/Attendance/">
    <Project Path="Attendance.API/Attendance.API.csproj" Id="a10e5696-28dd-4cdb-9488-c273fce4f9db" />
    <Project Path="Attendance.Application/Attendance.Application.csproj" Id="251e31ca-43cd-4b8c-8b53-10edc5f11341" />
    <Project Path="Attendance.Domain/Attendance.Domain.csproj" Id="389d84f2-341a-4fd0-824f-5d74c3595ed5" />
    <Project Path="Attendance.Infrastructure/Attendance.Infrastructure.csproj" Id="897e7db2-cb5d-4e63-a981-62ef52afc0ed" />
  </Folder>
  <Folder Name="/src/Modules/Branches/">
    <Project Path="Branches.API/Branches.API.csproj" Id="209b0203-8321-4148-955c-44f4508ff6a4" />
    <Project Path="Branches.Application/Branches.Application.csproj" Id="2fafe1a1-f66a-475d-897f-12c690144608" />
    <Project Path="Branches.Domain/Branches.Domain.csproj" Id="61f5918d-ffe0-4ef8-9b9f-6b858781caa3" />
    <Project Path="Branches.Infrastructure/Branches.Infrastructure.csproj" Id="6a4b5dc2-3c57-48a1-84ba-a842288e7047" />
  </Folder>
  <Folder Name="/src/Modules/Employee/">
    <Project Path="Employees.API/Employees.API.csproj" Id="f15490ce-c421-4135-8b05-86517f19592b" />
    <Project Path="Employees.Application/Employees.Application.csproj" Id="2407fe94-3a31-4be5-afa0-1d7a87e51e29" />
    <Project Path="Employees.Domain/Employees.Domain.csproj" Id="fcd5f13e-8539-459e-9d6b-3e30053bec0f" />
    <Project Path="Employees.Infrastructure/Employees.Infrastructure.csproj" Id="ccaf06c2-6ca0-40be-91c2-df3a675664da" />
  </Folder>
  <Folder Name="/src/Modules/Identity/">
    <Project Path="Identity.API/Identity.API.csproj" />
    <Project Path="Identity.Application/Identity.Application.csproj" />
    <Project Path="Identity.Domain/Identity.Domain.csproj" />
    <Project Path="Identity.Infrastructure/Identity.Infrastructure.csproj" />
  </Folder>
  <Folder Name="/src/Modules/Payroll/">
    <Project Path="Payroll.API/Payroll.API.csproj" Id="24a47ab0-b4f9-4ecc-83f9-41c53c37eec3" />
    <Project Path="Payroll.Application/Payroll.Application.csproj" Id="e1464b57-53c9-44dc-8cd1-6273bf2f72f7" />
    <Project Path="Payroll.Domain/Payroll.Domain.csproj" Id="e9025c53-2243-426b-b849-a67a1440fa4f" />
    <Project Path="Payroll.Infrastructure/Payroll.Infrastructure.csproj" Id="aeead700-7ffd-4f53-a0f2-8aaaabb2795d" />
  </Folder>
  <Folder Name="/src/Modules/Requests/">
    <Project Path="Requests.API/Requests.API.csproj" Id="7ebbb8c3-9389-4bf3-a956-85a8268f4338" />
    <Project Path="Requests.Application/Requests.Application.csproj" Id="a3852c17-7bbd-4b9f-9722-91bf167c0884" />
    <Project Path="Requests.Domain/Requests.Domain.csproj" Id="d731b26b-8111-46c1-9c0b-8a1a8d1d4702" />
    <Project Path="Requests.Infrastructure/Requests.Infrastructure.csproj" Id="a58dfc8a-6638-45f9-a126-99e16e9eb789" />
  </Folder>
  <Folder Name="/src/Shared/">
    <Project Path="SharedKernel/SharedKernel.csproj" />
  </Folder>
</Solution>
